// !$*UTF8*$!
{
	archiveVersion = 1;
	classes = {
	};
	objectVersion = 46;
	objects = {

/* Begin PBXBuildFile section */
		023857E01DCC5AA700F0967A /* AppDelegate.swift in Sources */ = {isa = PBXBuildFile; fileRef = 023857DF1DCC5AA700F0967A /* AppDelegate.swift */; };
		023857E21DCC5AA700F0967A /* ViewController.swift in Sources */ = {isa = PBXBuildFile; fileRef = 023857E11DCC5AA700F0967A /* ViewController.swift */; };
		023857E51DCC5AA800F0967A /* Main.storyboard in Resources */ = {isa = PBXBuildFile; fileRef = 023857E31DCC5AA800F0967A /* Main.storyboard */; };
		023857E71DCC5AA800F0967A /* Assets.xcassets in Resources */ = {isa = PBXBuildFile; fileRef = 023857E61DCC5AA800F0967A /* Assets.xcassets */; };
		023857EA1DCC5AA800F0967A /* LaunchScreen.storyboard in Resources */ = {isa = PBXBuildFile; fileRef = 023857E81DCC5AA800F0967A /* LaunchScreen.storyboard */; };
/* End PBXBuildFile section */

/* Begin PBXFileReference section */
		023857DC1DCC5AA700F0967A /* responsivelayout.app */ = {isa = PBXFileReference; explicitFileType = wrapper.application; includeInIndex = 0; path = responsivelayout.app; sourceTree = BUILT_PRODUCTS_DIR; };
		023857DF1DCC5AA700F0967A /* AppDelegate.swift */ = {isa = PBXFileReference; lastKnownFileType = sourcecode.swift; path = AppDelegate.swift; sourceTree = "<group>"; };
		023857E11DCC5AA700F0967A /* ViewController.swift */ = {isa = PBXFileReference; lastKnownFileType = sourcecode.swift; path = ViewController.swift; sourceTree = "<group>"; };
		023857E41DCC5AA800F0967A /* Base */ = {isa = PBXFileReference; lastKnownFileType = file.storyboard; name = Base; path = Base.lproj/Main.storyboard; sourceTree = "<group>"; };
		023857E61DCC5AA800F0967A /* Assets.xcassets */ = {isa = PBXFileReference; lastKnownFileType = folder.assetcatalog; path = Assets.xcassets; sourceTree = "<group>"; };
		023857E91DCC5AA800F0967A /* Base */ = {isa = PBXFileReference; lastKnownFileType = file.storyboard; name = Base; path = Base.lproj/LaunchScreen.storyboard; sourceTree = "<group>"; };
		023857EB1DCC5AA800F0967A /* Info.plist */ = {isa = PBXFileReference; lastKnownFileType = text.plist.xml; path = Info.plist; sourceTree = "<group>"; };
/* End PBXFileReference section */

/* Begin PBXFrameworksBuildPhase section */
		023857D91DCC5AA700F0967A /* Frameworks */ = {
			isa = PBXFrameworksBuildPhase;
			buildActionMask = 2147483647;
			files = (
			);
			runOnlyForDeploymentPostprocessing = 0;
		};
/* End PBXFrameworksBuildPhase section */

/* Begin PBXGroup section */
		023857D31DCC5AA700F0967A = {
			isa = PBXGroup;
			children = (
				023857DE1DCC5AA700F0967A /* responsivelayout */,
				023857DD1DCC5AA700F0967A /* Products */,
			);
			sourceTree = "<group>";
		};
		023857DD1DCC5AA700F0967A /* Products */ = {
			isa = PBXGroup;
			children = (
				023857DC1DCC5AA700F0967A /* responsivelayout.app */,
			);
			name = Products;
			sourceTree = "<group>";
		};
		023857DE1DCC5AA700F0967A /* responsivelayout */ = {
			isa = PBXGroup;
			children = (
				023857DF1DCC5AA700F0967A /* AppDelegate.swift */,
				023857E11DCC5AA700F0967A /* ViewController.swift */,
				023857E31DCC5AA800F0967A /* Main.storyboard */,
				023857E61DCC5AA800F0967A /* Assets.xcassets */,
				023857E81DCC5AA800F0967A /* LaunchScreen.storyboard */,
				023857EB1DCC5AA800F0967A /* Info.plist */,
			);
			path = responsivelayout;
			sourceTree = "<group>";
		};
/* End PBXGroup section */

/* Begin PBXNativeTarget section */
		023857DB1DCC5AA700F0967A /* responsivelayout */ = {
			isa = PBXNativeTarget;
			buildConfigurationList = 023857EE1DCC5AA800F0967A /* Build configuration list for PBXNativeTarget "responsivelayout" */;
			buildPhases = (
				023857D81DCC5AA700F0967A /* Sources */,
				023857D91DCC5AA700F0967A /* Frameworks */,
				023857DA1DCC5AA700F0967A /* Resources */,
			);
			buildRules = (
			);
			dependencies = (
			);
			name = responsivelayout;
			productName = responsivelayout;
			productReference = 023857DC1DCC5AA700F0967A /* responsivelayout.app */;
			productType = "com.apple.product-type.application";
		};
/* End PBXNativeTarget section */

/* Begin PBXProject section */
		023857D41DCC5AA700F0967A /* Project object */ = {
			isa = PBXProject;
			attributes = {
				LastSwiftUpdateCheck = 0810;
				LastUpgradeCheck = 0810;
				ORGANIZATIONNAME = Cyberk;
				TargetAttributes = {
					023857DB1DCC5AA700F0967A = {
						CreatedOnToolsVersion = 8.1;
						ProvisioningStyle = Automatic;
					};
				};
			};
			buildConfigurationList = 023857D71DCC5AA700F0967A /* Build configuration list for PBXProject "responsivelayout" */;
			compatibilityVersion = "Xcode 3.2";
			developmentRegion = English;
			hasScannedForEncodings = 0;
			knownRegions = (
				en,
				Base,
			);
			mainGroup = 023857D31DCC5AA700F0967A;
			productRefGroup = 023857DD1DCC5AA700F0967A /* Products */;
			projectDirPath = "";
			projectRoot = "";
			targets = (
				023857DB1DCC5AA700F0967A /* responsivelayout */,
			);
		};
/* End PBXProject section */

/* Begin PBXResourcesBuildPhase section */
		023857DA1DCC5AA700F0967A /* Resources */ = {
			isa = PBXResourcesBuildPhase;
			buildActionMask = 2147483647;
			files = (
				023857EA1DCC5AA800F0967A /* LaunchScreen.storyboard in Resources */,
				023857E71DCC5AA800F0967A /* Assets.xcassets in Resources */,
				023857E51DCC5AA800F0967A /* Main.storyboard in Resources */,
			);
			runOnlyForDeploymentPostprocessing = 0;
		};
/* End PBXResourcesBuildPhase section */

/* Begin PBXSourcesBuildPhase section */
		023857D81DCC5AA700F0967A /* Sources */ = {
			isa = PBXSourcesBuildPhase;
			buildActionMask = 2147483647;
			files = (
				023857E21DCC5AA700F0967A /* ViewController.swift in Sources */,
				023857E01DCC5AA700F0967A /* AppDelegate.swift in Sources */,
			);
			runOnlyForDeploymentPostprocessing = 0;
		};
/* End PBXSourcesBuildPhase section */

/* Begin PBXVariantGroup section */
		023857E31DCC5AA800F0967A /* Main.storyboard */ = {
			isa = PBXVariantGroup;
			children = (
				023857E41DCC5AA800F0967A /* Base */,
			);
			name = Main.storyboard;
			sourceTree = "<group>";
		};
		023857E81DCC5AA800F0967A /* LaunchScreen.storyboard */ = {
			isa = PBXVariantGroup;
			children = (
				023857E91DCC5AA800F0967A /* Base */,
			);
			name = LaunchScreen.storyboard;
			sourceTree = "<group>";
		};
/* End PBXVariantGroup section */

/* Begin XCBuildConfiguration section */
		023857EC1DCC5AA800F0967A /* Debug */ = {
			isa = XCBuildConfiguration;
			buildSettings = {
				ALWAYS_SEARCH_USER_PATHS = NO;
				CLANG_ANALYZER_NONNULL = YES;
				CLANG_CXX_LANGUAGE_STANDARD = "gnu++0x";
				CLANG_CXX_LIBRARY = "libc++";
				CLANG_ENABLE_MODULES = YES;
				CLANG_ENABLE_OBJC_ARC = YES;
				CLANG_WARN_BOOL_CONVERSION = YES;
				CLANG_WARN_CONSTANT_CONVERSION = YES;
				CLANG_WARN_DIRECT_OBJC_ISA_USAGE = YES_ERROR;
				CLANG_WARN_DOCUMENTATION_COMMENTS = YES;
				CLANG_WARN_EMPTY_BODY = YES;
				CLANG_WARN_ENUM_CONVERSION = YES;
				CLANG_WARN_INFINITE_RECURSION = YES;
				CLANG_WARN_INT_CONVERSION = YES;
				CLANG_WARN_OBJC_ROOT_CLASS = YES_ERROR;
				CLANG_WARN_SUSPICIOUS_MOVES = YES;
				CLANG_WARN_UNREACHABLE_CODE = YES;
				CLANG_WARN__DUPLICATE_METHOD_MATCH = YES;
				"CODE_SIGN_IDENTITY[sdk=iphoneos*]" = "iPhone Developer";
				COPY_PHASE_STRIP = NO;
				DEBUG_INFORMATION_FORMAT = dwarf;
				ENABLE_STRICT_OBJC_MSGSEND = YES;
				ENABLE_TESTABILITY = YES;
				GCC_C_LANGUAGE_STANDARD = gnu99;
				GCC_DYNAMIC_NO_PIC = NO;
				GCC_NO_COMMON_BLOCKS = YES;
				GCC_OPTIMIZATION_LEVEL = 0;
				GCC_PREPROCESSOR_DEFINITIONS = (
					"DEBUG=1",
					"$(inherited)",
				);
				GCC_WARN_64_TO_32_BIT_CONVERSION = YES;
				GCC_WARN_ABOUT_RETURN_TYPE = YES_ERROR;
				GCC_WARN_UNDECLARED_SELECTOR = YES;
				GCC_WARN_UNINITIALIZED_AUTOS = YES_AGGRESSIVE;
				GCC_WARN_UNUSED_FUNCTION = YES;
				GCC_WARN_UNUSED_VARIABLE = YES;
				IPHONEOS_DEPLOYMENT_TARGET = 10.1;
				MTL_ENABLE_DEBUG_INFO = YES;
				ONLY_ACTIVE_ARCH = YES;
				SDKROOT = iphoneos;
				SWIFT_ACTIVE_COMPILATION_CONDITIONS = DEBUG;
				SWIFT_OPTIMIZATION_LEVEL = "-Onone";
				TARGETED_DEVICE_FAMILY = "1,2";
			};
			name = Debug;
		};
		023857ED1DCC5AA800F0967A /* Release */ = {
			isa = XCBuildConfiguration;
			buildSettings = {
				ALWAYS_SEARCH_USER_PATHS = NO;
				CLANG_ANALYZER_NONNULL = YES;
				CLANG_CXX_LANGUAGE_STANDARD = "gnu++0x";
				CLANG_CXX_LIBRARY = "libc++";
				CLANG_ENABLE_MODULES = YES;
				CLANG_ENABLE_OBJC_ARC = YES;
				CLANG_WARN_BOOL_CONVERSION = YES;
				CLANG_WARN_CONSTANT_CONVERSION = YES;
				CLANG_WARN_DIRECT_OBJC_ISA_USAGE = YES_ERROR;
				CLANG_WARN_DOCUMENTATION_COMMENTS = YES;
				CLANG_WARN_EMPTY_BODY = YES;
				CLANG_WARN_ENUM_CONVERSION = YES;
				CLANG_WARN_INFINITE_RECURSION = YES;
				CLANG_WARN_INT_CONVERSION = YES;
				CLANG_WARN_OBJC_ROOT_CLASS = YES_ERROR;
				CLANG_WARN_SUSPICIOUS_MOVES = YES;
				CLANG_WARN_UNREACHABLE_CODE = YES;
				CLANG_WARN__DUPLICATE_METHOD_MATCH = YES;
				"CODE_SIGN_IDENTITY[sdk=iphoneos*]" = "iPhone Developer";
				COPY_PHASE_STRIP = NO;
				DEBUG_INFORMATION_FORMAT = "dwarf-with-dsym";
				ENABLE_NS_ASSERTIONS = NO;
				ENABLE_STRICT_OBJC_MSGSEND = YES;
				GCC_C_LANGUAGE_STANDARD = gnu99;
				GCC_NO_COMMON_BLOCKS = YES;
				GCC_WARN_64_TO_32_BIT_CONVERSION = YES;
				GCC_WARN_ABOUT_RETURN_TYPE = YES_ERROR;
				GCC_WARN_UNDECLARED_SELECTOR = YES;
				GCC_WARN_UNINITIALIZED_AUTOS = YES_AGGRESSIVE;
				GCC_WARN_UNUSED_FUNCTION = YES;
				GCC_WARN_UNUSED_VARIABLE = YES;
				IPHONEOS_DEPLOYMENT_TARGET = 10.1;
				MTL_ENABLE_DEBUG_INFO = NO;
				SDKROOT = iphoneos;
				SWIFT_OPTIMIZATION_LEVEL = "-Owholemodule";
				TARGETED_DEVICE_FAMILY = "1,2";
				VALIDATE_PRODUCT = YES;
			};
			name = Release;
		};
		023857EF1DCC5AA800F0967A /* Debug */ = {
			isa = XCBuildConfiguration;
			buildSettings = {
				ASSETCATALOG_COMPILER_APPICON_NAME = AppIcon;
				INFOPLIST_FILE = responsivelayout/Info.plist;
				LD_RUNPATH_SEARCH_PATHS = "$(inherited) @executable_path/Frameworks";
				PRODUCT_BUNDLE_IDENTIFIER = com.test.responsivelayout;
				PRODUCT_NAME = "$(TARGET_NAME)";
				SWIFT_VERSION = 3.0;
			};
			name = Debug;
		};
		023857F01DCC5AA800F0967A /* Release */ = {
			isa = XCBuildConfiguration;
			buildSettings = {
				ASSETCATALOG_COMPILER_APPICON_NAME = AppIcon;
				INFOPLIST_FILE = responsivelayout/Info.plist;
				LD_RUNPATH_SEARCH_PATHS = "$(inherited) @executable_path/Frameworks";
				PRODUCT_BUNDLE_IDENTIFIER = com.test.responsivelayout;
				PRODUCT_NAME = "$(TARGET_NAME)";
				SWIFT_VERSION = 3.0;
			};
			name = Release;
		};
/* End XCBuildConfiguration section */

/* Begin XCConfigurationList section */
		023857D71DCC5AA700F0967A /* Build configuration list for PBXProject "responsivelayout" */ = {
			isa = XCConfigurationList;
			buildConfigurations = (
				023857EC1DCC5AA800F0967A /* Debug */,
				023857ED1DCC5AA800F0967A /* Release */,
			);
			defaultConfigurationIsVisible = 0;
			defaultConfigurationName = Release;
		};
		023857EE1DCC5AA800F0967A /* Build configuration list for PBXNativeTarget "responsivelayout" */ = {
			isa = XCConfigurationList;
			buildConfigurations = (
				023857EF1DCC5AA800F0967A /* Debug */,
				023857F01DCC5AA800F0967A /* Release */,
			);
			defaultConfigurationIsVisible = 0;
		};
/* End XCConfigurationList section */
	};
	rootObject = 023857D41DCC5AA700F0967A /* Project object */;
}
